
Microsoft Visual Studio Solution File, Format Version 12.00
# Visual Studio Version 17
VisualStudioVersion = 17.1.32421.90
MinimumVisualStudioVersion = 10.0.40219.1
Project("{FAE04EC0-301F-11D3-BF4B-00C04F79EFBC}") = "HomeWorkClasses(4).21.05.2022", "HomeWorkClasses(4).21.05.2022\HomeWorkClasses(4).21.05.2022.csproj", "{51271355-24C5-419A-9544-14FA0E00233E}"
EndProject
Global
	GlobalSection(SolutionConfigurationPlatforms) = preSolution
		Debug|Any CPU = Debug|Any CPU
		Release|Any CPU = Release|Any CPU
	EndGlobalSection
	GlobalSection(ProjectConfigurationPlatforms) = postSolution
		{51271355-24C5-419A-9544-14FA0E00233E}.Debug|Any CPU.ActiveCfg = Debug|Any CPU
		{51271355-24C5-419A-9544-14FA0E00233E}.Debug|Any CPU.Build.0 = Debug|Any CPU
		{51271355-24C5-419A-9544-14FA0E00233E}.Release|Any CPU.ActiveCfg = Release|Any CPU
		{51271355-24C5-419A-9544-14FA0E00233E}.Release|Any CPU.Build.0 = Release|Any CPU
	EndGlobalSection
	GlobalSection(SolutionProperties) = preSolution
		HideSolutionNode = FALSE
	EndGlobalSection
	GlobalSection(ExtensibilityGlobals) = postSolution
		SolutionGuid = {FD846B2B-DB22-47D1-9B20-921747B68FAF}
	EndGlobalSection
EndGlobal
